# This file is autogenerated, do not edit; changes may be undone by the next 'dep ensure'.


[[projects]]
  digest = "1:d3c3c0d72e6a4f462ff6dbba5c15ca7f2302ccf596eddce97ce0104cf59551d3"
  name = "github.com/go-redis/cache"
  packages = [
    ".",
    "internal",
    "internal/lrucache",
    "internal/singleflight",
  ]
  pruneopts = "UT"
  revision = "68c6185b0083c582103ce65a2b0709a1a9a1fee2"
  version = "v6.4.0"

[[projects]]
  digest = "1:e17320223c7c866dfbec405efe8abc8e383ccad131fb76ca7ff70580dafb9067"
  name = "github.com/go-redis/redis"
  packages = [
    ".",
    "internal",
    "internal/consistenthash",
    "internal/hashtag",
    "internal/pool",
    "internal/proto",
    "internal/util",
  ]
  pruneopts = "UT"
  revision = "99cd690a7019656b0b67c6664453f27a6d8a658e"
  version = "v6.15.7"

[[projects]]
  digest = "1:d1e35b720b5f5156502ffdd174000c81295919293735342da78582e4dc7a8bcd"
  name = "github.com/golang/protobuf"
  packages = ["proto"]
  pruneopts = "UT"
  revision = "84668698ea25b64748563aa20726db66a6b8d299"
  version = "v1.3.5"

[[projects]]
  digest = "1:b117faf01abdbdadd7b8ceeae74cd1369c1b073fef41aee8b674c9d704a54c16"
  name = "github.com/gorilla/handlers"
  packages = ["."]
  pruneopts = "UT"
  revision = "8a3748addc242fc560bd6d4ff28b0374c010b1b4"
  version = "v1.4.2"

[[projects]]
  digest = "1:6078383dbb7405bfa3ce16957f37564e3b716afa29b6eb45ffdb6674624d1e0d"
  name = "github.com/gorilla/mux"
  packages = ["."]
  pruneopts = "UT"
  revision = "98cb6bf42e086f6af920b965c38cacc07402d51b"
  version = "v1.8.0"

[[projects]]
  digest = "1:a2cff208d4759f6ba1b1cd228587b0a1869f95f22542ec9cd17fff64430113c7"
  name = "github.com/jessevdk/go-flags"
  packages = ["."]
  pruneopts = "UT"
  revision = "c6ca198ec95c841fdb89fc0de7496fed11ab854e"
  version = "v1.4.0"

[[projects]]
  branch = "master"
  digest = "1:1026c6f9ecdec31f1afe0dba2cea44ff63281e01f9516c5b0b6065ded7a072c4"
  name = "github.com/victorspringer/http-cache"
  packages = [
    ".",
    "adapter/redis",
  ]
  pruneopts = "UT"
  revision = "fe78e97af7071bbaed8b2151c43e1b462dbbaf2f"

[[projects]]
  digest = "1:8f9017baaaca37682b06d9f48a292bbeb0ea40c7807343628fd81b595f5a1f93"
  name = "github.com/vmihailenco/msgpack"
  packages = [
    ".",
    "codes",
  ]
  pruneopts = "UT"
  revision = "b5e691b1eb52a28c05e67ab9df303626c095c23b"
  version = "v3.3.3"

[[projects]]
  branch = "master"
  digest = "1:76ee51c3f468493aff39dbacc401e8831fbb765104cbf613b89bef01cf4bad70"
  name = "golang.org/x/net"
  packages = ["context"]
  pruneopts = "UT"
  revision = "244492dfa37ae2ce87222fd06250a03160745faa"

[[projects]]
  digest = "1:f4d6f1de81abede35943b5f9d8106c9a4579d3ea5a19d0991be3055e3383254b"
  name = "google.golang.org/appengine"
  packages = [
    ".",
    "datastore",
    "datastore/internal/cloudkey",
    "datastore/internal/cloudpb",
    "internal",
    "internal/app_identity",
    "internal/base",
    "internal/datastore",
    "internal/log",
    "internal/modules",
    "internal/remote_api",
  ]
  pruneopts = "UT"
  revision = "971852bfffca25b069c31162ae8f247a3dba083b"
  version = "v1.6.5"

[solve-meta]
  analyzer-name = "dep"
  analyzer-version = 1
  input-imports = [
    "github.com/gorilla/handlers",
    "github.com/gorilla/mux",
    "github.com/jessevdk/go-flags",
    "github.com/victorspringer/http-cache",
    "github.com/victorspringer/http-cache/adapter/redis",
  ]
  solver-name = "gps-cdcl"
  solver-version = 1
